
Microsoft Visual Studio Solution File, Format Version 12.00
# Visual Studio Version 17
VisualStudioVersion = 17.5.002.0
MinimumVisualStudioVersion = 10.0.40219.1
Project("{2150E333-8FDC-42A3-9474-1A3956D46DE8}") = "csharp-prep", "csharp-prep", "{E9293FCD-6509-46DC-A2B3-0B8DC495804E}"
EndProject
Project("{9A19103F-16F7-4668-BE54-9A1E7A4F7556}") = "Prep1", "csharp-prep\Prep1\Prep1.csproj", "{4CB96B43-455A-4DA3-9D0F-1CA42E5AB39F}"
EndProject
Project("{9A19103F-16F7-4668-BE54-9A1E7A4F7556}") = "Prep2", "csharp-prep\Prep2\Prep2.csproj", "{A5D5B01B-C8AE-4474-9E88-0A2004CACDFB}"
EndProject
Project("{9A19103F-16F7-4668-BE54-9A1E7A4F7556}") = "Prep3", "csharp-prep\Prep3\Prep3.csproj", "{9FE90FA6-257E-407A-89F9-CC3BA895584E}"
EndProject
Project("{9A19103F-16F7-4668-BE54-9A1E7A4F7556}") = "Prep4", "csharp-prep\Prep4\Prep4.csproj", "{6C0A7F00-3A76-4812-A2B6-152F4E0C7791}"
EndProject
Project("{9A19103F-16F7-4668-BE54-9A1E7A4F7556}") = "Prep5", "csharp-prep\Prep5\Prep5.csproj", "{5B5EF336-A8B1-4030-BB1D-B5237318A065}"
EndProject
Project("{2150E333-8FDC-42A3-9474-1A3956D46DE8}") = "final", "final", "{DD54C89A-E1AA-49CA-8B14-44CBB00E7488}"
EndProject
Project("{9A19103F-16F7-4668-BE54-9A1E7A4F7556}") = "FinalProject", "final\FinalProject\FinalProject.csproj", "{B683C8FC-3B88-4ACF-8459-99602AB4FB81}"
EndProject
Project("{9A19103F-16F7-4668-BE54-9A1E7A4F7556}") = "Foundation1", "final\Foundation1\Foundation1.csproj", "{A8E6F79D-8428-44BF-845E-65BC25E84CCF}"
EndProject
Project("{9A19103F-16F7-4668-BE54-9A1E7A4F7556}") = "Foundation2", "final\Foundation2\Foundation2.csproj", "{8C2727E5-0315-4D13-946A-31BA96D3558F}"
EndProject
Project("{9A19103F-16F7-4668-BE54-9A1E7A4F7556}") = "Foundation3", "final\Foundation3\Foundation3.csproj", "{7C70EF87-D13B-4F96-9B12-E87D2DF3EBD0}"
EndProject
Project("{9A19103F-16F7-4668-BE54-9A1E7A4F7556}") = "Foundation4", "final\Foundation4\Foundation4.csproj", "{4F4523E3-2E94-4BE1-A1DD-66678FABD9B4}"
EndProject
Project("{2150E333-8FDC-42A3-9474-1A3956D46DE8}") = "prepare", "prepare", "{2AD95DC0-AC42-4C07-AE42-DDD1CB7A2F5C}"
EndProject
Project("{9A19103F-16F7-4668-BE54-9A1E7A4F7556}") = "Learning02", "prepare\Learning02\Learning02.csproj", "{6BFFEA39-56B3-4540-AD5A-32833687F579}"
EndProject
Project("{9A19103F-16F7-4668-BE54-9A1E7A4F7556}") = "Learning03", "prepare\Learning03\Learning03.csproj", "{94A36A0A-0858-415E-9480-A6084A6AC0DF}"
EndProject
Project("{9A19103F-16F7-4668-BE54-9A1E7A4F7556}") = "Learning04", "prepare\Learning04\Learning04.csproj", "{0CA9CD5E-2603-49EF-8FF8-28A0C4E0D5E2}"
EndProject
Project("{9A19103F-16F7-4668-BE54-9A1E7A4F7556}") = "Learning05", "prepare\Learning05\Learning05.csproj", "{6B396CE1-E56A-4059-BD85-9B0F84E79C2C}"
EndProject
Project("{2150E333-8FDC-42A3-9474-1A3956D46DE8}") = "prove", "prove", "{E6902335-372E-4301-968D-1DC9D018B1AE}"
EndProject
Project("{9A19103F-16F7-4668-BE54-9A1E7A4F7556}") = "Develop02", "prove\Develop02\Develop02.csproj", "{896C09FB-610D-48B7-9276-A8B3A2059B4E}"
EndProject
Project("{9A19103F-16F7-4668-BE54-9A1E7A4F7556}") = "Develop03", "prove\Develop03\Develop03.csproj", "{CCBE4622-438F-47E2-B142-F9BAC5F224F4}"
EndProject
Project("{9A19103F-16F7-4668-BE54-9A1E7A4F7556}") = "Develop04", "prove\Develop04\Develop04.csproj", "{7B594D55-5197-4ECF-A176-81E17BC25E8E}"
EndProject
Project("{9A19103F-16F7-4668-BE54-9A1E7A4F7556}") = "Develop05", "prove\Develop05\Develop05.csproj", "{8475332F-4E19-40AC-AE71-C6226C7113F8}"
EndProject
Project("{2150E333-8FDC-42A3-9474-1A3956D46DE8}") = "sandbox", "sandbox", "{2B749DA3-6430-46D7-929F-B297B8A1FED0}"
EndProject
Project("{9A19103F-16F7-4668-BE54-9A1E7A4F7556}") = "Sandbox", "sandbox\Sandbox\Sandbox.csproj", "{9BFE5E22-E448-4D9F-BC87-0BFD72C17168}"
EndProject
Global
	GlobalSection(SolutionConfigurationPlatforms) = preSolution
		Debug|Any CPU = Debug|Any CPU
		Release|Any CPU = Release|Any CPU
	EndGlobalSection
	GlobalSection(ProjectConfigurationPlatforms) = postSolution
		{4CB96B43-455A-4DA3-9D0F-1CA42E5AB39F}.Debug|Any CPU.ActiveCfg = Debug|Any CPU
		{4CB96B43-455A-4DA3-9D0F-1CA42E5AB39F}.Debug|Any CPU.Build.0 = Debug|Any CPU
		{4CB96B43-455A-4DA3-9D0F-1CA42E5AB39F}.Release|Any CPU.ActiveCfg = Release|Any CPU
		{4CB96B43-455A-4DA3-9D0F-1CA42E5AB39F}.Release|Any CPU.Build.0 = Release|Any CPU
		{A5D5B01B-C8AE-4474-9E88-0A2004CACDFB}.Debug|Any CPU.ActiveCfg = Debug|Any CPU
		{A5D5B01B-C8AE-4474-9E88-0A2004CACDFB}.Debug|Any CPU.Build.0 = Debug|Any CPU
		{A5D5B01B-C8AE-4474-9E88-0A2004CACDFB}.Release|Any CPU.ActiveCfg = Release|Any CPU
		{A5D5B01B-C8AE-4474-9E88-0A2004CACDFB}.Release|Any CPU.Build.0 = Release|Any CPU
		{9FE90FA6-257E-407A-89F9-CC3BA895584E}.Debug|Any CPU.ActiveCfg = Debug|Any CPU
		{9FE90FA6-257E-407A-89F9-CC3BA895584E}.Debug|Any CPU.Build.0 = Debug|Any CPU
		{9FE90FA6-257E-407A-89F9-CC3BA895584E}.Release|Any CPU.ActiveCfg = Release|Any CPU
		{9FE90FA6-257E-407A-89F9-CC3BA895584E}.Release|Any CPU.Build.0 = Release|Any CPU
		{6C0A7F00-3A76-4812-A2B6-152F4E0C7791}.Debug|Any CPU.ActiveCfg = Debug|Any CPU
		{6C0A7F00-3A76-4812-A2B6-152F4E0C7791}.Debug|Any CPU.Build.0 = Debug|Any CPU
		{6C0A7F00-3A76-4812-A2B6-152F4E0C7791}.Release|Any CPU.ActiveCfg = Release|Any CPU
		{6C0A7F00-3A76-4812-A2B6-152F4E0C7791}.Release|Any CPU.Build.0 = Release|Any CPU
		{5B5EF336-A8B1-4030-BB1D-B5237318A065}.Debug|Any CPU.ActiveCfg = Debug|Any CPU
		{5B5EF336-A8B1-4030-BB1D-B5237318A065}.Debug|Any CPU.Build.0 = Debug|Any CPU
		{5B5EF336-A8B1-4030-BB1D-B5237318A065}.Release|Any CPU.ActiveCfg = Release|Any CPU
		{5B5EF336-A8B1-4030-BB1D-B5237318A065}.Release|Any CPU.Build.0 = Release|Any CPU
		{B683C8FC-3B88-4ACF-8459-99602AB4FB81}.Debug|Any CPU.ActiveCfg = Debug|Any CPU
		{B683C8FC-3B88-4ACF-8459-99602AB4FB81}.Debug|Any CPU.Build.0 = Debug|Any CPU
		{B683C8FC-3B88-4ACF-8459-99602AB4FB81}.Release|Any CPU.ActiveCfg = Release|Any CPU
		{B683C8FC-3B88-4ACF-8459-99602AB4FB81}.Release|Any CPU.Build.0 = Release|Any CPU
		{A8E6F79D-8428-44BF-845E-65BC25E84CCF}.Debug|Any CPU.ActiveCfg = Debug|Any CPU
		{A8E6F79D-8428-44BF-845E-65BC25E84CCF}.Debug|Any CPU.Build.0 = Debug|Any CPU
		{A8E6F79D-8428-44BF-845E-65BC25E84CCF}.Release|Any CPU.ActiveCfg = Release|Any CPU
		{A8E6F79D-8428-44BF-845E-65BC25E84CCF}.Release|Any CPU.Build.0 = Release|Any CPU
		{8C2727E5-0315-4D13-946A-31BA96D3558F}.Debug|Any CPU.ActiveCfg = Debug|Any CPU
		{8C2727E5-0315-4D13-946A-31BA96D3558F}.Debug|Any CPU.Build.0 = Debug|Any CPU
		{8C2727E5-0315-4D13-946A-31BA96D3558F}.Release|Any CPU.ActiveCfg = Release|Any CPU
		{8C2727E5-0315-4D13-946A-31BA96D3558F}.Release|Any CPU.Build.0 = Release|Any CPU
		{7C70EF87-D13B-4F96-9B12-E87D2DF3EBD0}.Debug|Any CPU.ActiveCfg = Debug|Any CPU
		{7C70EF87-D13B-4F96-9B12-E87D2DF3EBD0}.Debug|Any CPU.Build.0 = Debug|Any CPU
		{7C70EF87-D13B-4F96-9B12-E87D2DF3EBD0}.Release|Any CPU.ActiveCfg = Release|Any CPU
		{7C70EF87-D13B-4F96-9B12-E87D2DF3EBD0}.Release|Any CPU.Build.0 = Release|Any CPU
		{4F4523E3-2E94-4BE1-A1DD-66678FABD9B4}.Debug|Any CPU.ActiveCfg = Debug|Any CPU
		{4F4523E3-2E94-4BE1-A1DD-66678FABD9B4}.Debug|Any CPU.Build.0 = Debug|Any CPU
		{4F4523E3-2E94-4BE1-A1DD-66678FABD9B4}.Release|Any CPU.ActiveCfg = Release|Any CPU
		{4F4523E3-2E94-4BE1-A1DD-66678FABD9B4}.Release|Any CPU.Build.0 = Release|Any CPU
		{6BFFEA39-56B3-4540-AD5A-32833687F579}.Debug|Any CPU.ActiveCfg = Debug|Any CPU
		{6BFFEA39-56B3-4540-AD5A-32833687F579}.Debug|Any CPU.Build.0 = Debug|Any CPU
		{6BFFEA39-56B3-4540-AD5A-32833687F579}.Release|Any CPU.ActiveCfg = Release|Any CPU
		{6BFFEA39-56B3-4540-AD5A-32833687F579}.Release|Any CPU.Build.0 = Release|Any CPU
		{94A36A0A-0858-415E-9480-A6084A6AC0DF}.Debug|Any CPU.ActiveCfg = Debug|Any CPU
		{94A36A0A-0858-415E-9480-A6084A6AC0DF}.Debug|Any CPU.Build.0 = Debug|Any CPU
		{94A36A0A-0858-415E-9480-A6084A6AC0DF}.Release|Any CPU.ActiveCfg = Release|Any CPU
		{94A36A0A-0858-415E-9480-A6084A6AC0DF}.Release|Any CPU.Build.0 = Release|Any CPU
		{0CA9CD5E-2603-49EF-8FF8-28A0C4E0D5E2}.Debug|Any CPU.ActiveCfg = Debug|Any CPU
		{0CA9CD5E-2603-49EF-8FF8-28A0C4E0D5E2}.Debug|Any CPU.Build.0 = Debug|Any CPU
		{0CA9CD5E-2603-49EF-8FF8-28A0C4E0D5E2}.Release|Any CPU.ActiveCfg = Release|Any CPU
		{0CA9CD5E-2603-49EF-8FF8-28A0C4E0D5E2}.Release|Any CPU.Build.0 = Release|Any CPU
		{6B396CE1-E56A-4059-BD85-9B0F84E79C2C}.Debug|Any CPU.ActiveCfg = Debug|Any CPU
		{6B396CE1-E56A-4059-BD85-9B0F84E79C2C}.Debug|Any CPU.Build.0 = Debug|Any CPU
		{6B396CE1-E56A-4059-BD85-9B0F84E79C2C}.Release|Any CPU.ActiveCfg = Release|Any CPU
		{6B396CE1-E56A-4059-BD85-9B0F84E79C2C}.Release|Any CPU.Build.0 = Release|Any CPU
		{896C09FB-610D-48B7-9276-A8B3A2059B4E}.Debug|Any CPU.ActiveCfg = Debug|Any CPU
		{896C09FB-610D-48B7-9276-A8B3A2059B4E}.Debug|Any CPU.Build.0 = Debug|Any CPU
		{896C09FB-610D-48B7-9276-A8B3A2059B4E}.Release|Any CPU.ActiveCfg = Release|Any CPU
		{896C09FB-610D-48B7-9276-A8B3A2059B4E}.Release|Any CPU.Build.0 = Release|Any CPU
		{CCBE4622-438F-47E2-B142-F9BAC5F224F4}.Debug|Any CPU.ActiveCfg = Debug|Any CPU
		{CCBE4622-438F-47E2-B142-F9BAC5F224F4}.Debug|Any CPU.Build.0 = Debug|Any CPU
		{CCBE4622-438F-47E2-B142-F9BAC5F224F4}.Release|Any CPU.ActiveCfg = Release|Any CPU
		{CCBE4622-438F-47E2-B142-F9BAC5F224F4}.Release|Any CPU.Build.0 = Release|Any CPU
		{7B594D55-5197-4ECF-A176-81E17BC25E8E}.Debug|Any CPU.ActiveCfg = Debug|Any CPU
		{7B594D55-5197-4ECF-A176-81E17BC25E8E}.Debug|Any CPU.Build.0 = Debug|Any CPU
		{7B594D55-5197-4ECF-A176-81E17BC25E8E}.Release|Any CPU.ActiveCfg = Release|Any CPU
		{7B594D55-5197-4ECF-A176-81E17BC25E8E}.Release|Any CPU.Build.0 = Release|Any CPU
		{8475332F-4E19-40AC-AE71-C6226C7113F8}.Debug|Any CPU.ActiveCfg = Debug|Any CPU
		{8475332F-4E19-40AC-AE71-C6226C7113F8}.Debug|Any CPU.Build.0 = Debug|Any CPU
		{8475332F-4E19-40AC-AE71-C6226C7113F8}.Release|Any CPU.ActiveCfg = Release|Any CPU
		{8475332F-4E19-40AC-AE71-C6226C7113F8}.Release|Any CPU.Build.0 = Release|Any CPU
		{9BFE5E22-E448-4D9F-BC87-0BFD72C17168}.Debug|Any CPU.ActiveCfg = Debug|Any CPU
		{9BFE5E22-E448-4D9F-BC87-0BFD72C17168}.Debug|Any CPU.Build.0 = Debug|Any CPU
		{9BFE5E22-E448-4D9F-BC87-0BFD72C17168}.Release|Any CPU.ActiveCfg = Release|Any CPU
		{9BFE5E22-E448-4D9F-BC87-0BFD72C17168}.Release|Any CPU.Build.0 = Release|Any CPU
	EndGlobalSection
	GlobalSection(SolutionProperties) = preSolution
		HideSolutionNode = FALSE
	EndGlobalSection
	GlobalSection(NestedProjects) = preSolution
		{4CB96B43-455A-4DA3-9D0F-1CA42E5AB39F} = {E9293FCD-6509-46DC-A2B3-0B8DC495804E}
		{A5D5B01B-C8AE-4474-9E88-0A2004CACDFB} = {E9293FCD-6509-46DC-A2B3-0B8DC495804E}
		{9FE90FA6-257E-407A-89F9-CC3BA895584E} = {E9293FCD-6509-46DC-A2B3-0B8DC495804E}
		{6C0A7F00-3A76-4812-A2B6-152F4E0C7791} = {E9293FCD-6509-46DC-A2B3-0B8DC495804E}
		{5B5EF336-A8B1-4030-BB1D-B5237318A065} = {E9293FCD-6509-46DC-A2B3-0B8DC495804E}
		{B683C8FC-3B88-4ACF-8459-99602AB4FB81} = {DD54C89A-E1AA-49CA-8B14-44CBB00E7488}
		{A8E6F79D-8428-44BF-845E-65BC25E84CCF} = {DD54C89A-E1AA-49CA-8B14-44CBB00E7488}
		{8C2727E5-0315-4D13-946A-31BA96D3558F} = {DD54C89A-E1AA-49CA-8B14-44CBB00E7488}
		{7C70EF87-D13B-4F96-9B12-E87D2DF3EBD0} = {DD54C89A-E1AA-49CA-8B14-44CBB00E7488}
		{4F4523E3-2E94-4BE1-A1DD-66678FABD9B4} = {DD54C89A-E1AA-49CA-8B14-44CBB00E7488}
		{6BFFEA39-56B3-4540-AD5A-32833687F579} = {2AD95DC0-AC42-4C07-AE42-DDD1CB7A2F5C}
		{94A36A0A-0858-415E-9480-A6084A6AC0DF} = {2AD95DC0-AC42-4C07-AE42-DDD1CB7A2F5C}
		{0CA9CD5E-2603-49EF-8FF8-28A0C4E0D5E2} = {2AD95DC0-AC42-4C07-AE42-DDD1CB7A2F5C}
		{6B396CE1-E56A-4059-BD85-9B0F84E79C2C} = {2AD95DC0-AC42-4C07-AE42-DDD1CB7A2F5C}
		{896C09FB-610D-48B7-9276-A8B3A2059B4E} = {E6902335-372E-4301-968D-1DC9D018B1AE}
		{CCBE4622-438F-47E2-B142-F9BAC5F224F4} = {E6902335-372E-4301-968D-1DC9D018B1AE}
		{7B594D55-5197-4ECF-A176-81E17BC25E8E} = {E6902335-372E-4301-968D-1DC9D018B1AE}
		{8475332F-4E19-40AC-AE71-C6226C7113F8} = {E6902335-372E-4301-968D-1DC9D018B1AE}
		{9BFE5E22-E448-4D9F-BC87-0BFD72C17168} = {2B749DA3-6430-46D7-929F-B297B8A1FED0}
	EndGlobalSection
	GlobalSection(ExtensibilityGlobals) = postSolution
		SolutionGuid = {766E5DB6-CDA7-4215-9B66-258957238602}
	EndGlobalSection
EndGlobal
